// !$*UTF8*$!
{
	archiveVersion = 1;
	classes = {
	};
	objectVersion = 46;
	objects = {

/* Begin PBXBuildFile section */
		DB1B75061C8BBE920022099C /* main.cpp in Sources */ = {isa = PBXBuildFile; fileRef = DB1B75051C8BBE920022099C /* main.cpp */; };
		DBFC3EA11C8BD4CA009206C9 /* DiskMultiMap.cpp in Sources */ = {isa = PBXBuildFile; fileRef = DBFC3EA01C8BD4CA009206C9 /* DiskMultiMap.cpp */; };
		DBFC3EA61C91174A009206C9 /* IntelWeb.cpp in Sources */ = {isa = PBXBuildFile; fileRef = DBFC3EA51C91174A009206C9 /* IntelWeb.cpp */; };
/* End PBXBuildFile section */

/* Begin PBXCopyFilesBuildPhase section */
		DB1B75001C8BBE920022099C /* CopyFiles */ = {
			isa = PBXCopyFilesBuildPhase;
			buildActionMask = 2147483647;
			dstPath = /usr/share/man/man1/;
			dstSubfolderSpec = 0;
			files = (
			);
			runOnlyForDeploymentPostprocessing = 1;
		};
/* End PBXCopyFilesBuildPhase section */

/* Begin PBXFileReference section */
		DB1B75021C8BBE920022099C /* Project 4 - Cyber Spider */ = {isa = PBXFileReference; explicitFileType = "compiled.mach-o.executable"; includeInIndex = 0; path = "Project 4 - Cyber Spider"; sourceTree = BUILT_PRODUCTS_DIR; };
		DB1B75051C8BBE920022099C /* main.cpp */ = {isa = PBXFileReference; lastKnownFileType = sourcecode.cpp.cpp; path = main.cpp; sourceTree = "<group>"; };
		DB1B750C1C8BBEF20022099C /* MultiMapTuple.h */ = {isa = PBXFileReference; lastKnownFileType = sourcecode.c.h; path = MultiMapTuple.h; sourceTree = "<group>"; };
		DB1B750D1C8BBF080022099C /* DiskMultiMap.h */ = {isa = PBXFileReference; lastKnownFileType = sourcecode.c.h; path = DiskMultiMap.h; sourceTree = "<group>"; };
		DB1B750E1C8BBF710022099C /* BinaryFile.h */ = {isa = PBXFileReference; lastKnownFileType = sourcecode.c.h; path = BinaryFile.h; sourceTree = "<group>"; };
		DBFC3EA01C8BD4CA009206C9 /* DiskMultiMap.cpp */ = {isa = PBXFileReference; fileEncoding = 4; lastKnownFileType = sourcecode.cpp.cpp; path = DiskMultiMap.cpp; sourceTree = "<group>"; };
		DBFC3EA21C8CD329009206C9 /* IntelWeb.h */ = {isa = PBXFileReference; lastKnownFileType = sourcecode.c.h; path = IntelWeb.h; sourceTree = "<group>"; };
		DBFC3EA31C8CD340009206C9 /* InteractionTuple.h */ = {isa = PBXFileReference; lastKnownFileType = sourcecode.c.h; path = InteractionTuple.h; sourceTree = "<group>"; };
		DBFC3EA51C91174A009206C9 /* IntelWeb.cpp */ = {isa = PBXFileReference; fileEncoding = 4; lastKnownFileType = sourcecode.cpp.cpp; path = IntelWeb.cpp; sourceTree = "<group>"; };
/* End PBXFileReference section */

/* Begin PBXFrameworksBuildPhase section */
		DB1B74FF1C8BBE920022099C /* Frameworks */ = {
			isa = PBXFrameworksBuildPhase;
			buildActionMask = 2147483647;
			files = (
			);
			runOnlyForDeploymentPostprocessing = 0;
		};
/* End PBXFrameworksBuildPhase section */

/* Begin PBXGroup section */
		DB1B74F91C8BBE920022099C = {
			isa = PBXGroup;
			children = (
				DB1B75041C8BBE920022099C /* Project 4 - Cyber Spider */,
				DB1B75031C8BBE920022099C /* Products */,
			);
			sourceTree = "<group>";
		};
		DB1B75031C8BBE920022099C /* Products */ = {
			isa = PBXGroup;
			children = (
				DB1B75021C8BBE920022099C /* Project 4 - Cyber Spider */,
			);
			name = Products;
			sourceTree = "<group>";
		};
		DB1B75041C8BBE920022099C /* Project 4 - Cyber Spider */ = {
			isa = PBXGroup;
			children = (
				DBFC3EA41C8CD35A009206C9 /* Headers */,
				DBFC3EA01C8BD4CA009206C9 /* DiskMultiMap.cpp */,
				DBFC3EA51C91174A009206C9 /* IntelWeb.cpp */,
				DB1B75051C8BBE920022099C /* main.cpp */,
			);
			path = "Project 4 - Cyber Spider";
			sourceTree = "<group>";
		};
		DBFC3EA41C8CD35A009206C9 /* Headers */ = {
			isa = PBXGroup;
			children = (
				DB1B750E1C8BBF710022099C /* BinaryFile.h */,
				DBFC3EA31C8CD340009206C9 /* InteractionTuple.h */,
				DB1B750C1C8BBEF20022099C /* MultiMapTuple.h */,
				DBFC3EA21C8CD329009206C9 /* IntelWeb.h */,
				DB1B750D1C8BBF080022099C /* DiskMultiMap.h */,
			);
			name = Headers;
			sourceTree = "<group>";
		};
/* End PBXGroup section */

/* Begin PBXNativeTarget section */
		DB1B75011C8BBE920022099C /* Project 4 - Cyber Spider */ = {
			isa = PBXNativeTarget;
			buildConfigurationList = DB1B75091C8BBE920022099C /* Build configuration list for PBXNativeTarget "Project 4 - Cyber Spider" */;
			buildPhases = (
				DB1B74FE1C8BBE920022099C /* Sources */,
				DB1B74FF1C8BBE920022099C /* Frameworks */,
				DB1B75001C8BBE920022099C /* CopyFiles */,
			);
			buildRules = (
			);
			dependencies = (
			);
			name = "Project 4 - Cyber Spider";
			productName = "Project 4 - Cyber Spider";
			productReference = DB1B75021C8BBE920022099C /* Project 4 - Cyber Spider */;
			productType = "com.apple.product-type.tool";
		};
/* End PBXNativeTarget section */

/* Begin PBXProject section */
		DB1B74FA1C8BBE920022099C /* Project object */ = {
			isa = PBXProject;
			attributes = {
				LastUpgradeCheck = 0720;
				ORGANIZATIONNAME = "Yuching Cao";
				TargetAttributes = {
					DB1B75011C8BBE920022099C = {
						CreatedOnToolsVersion = 7.2;
					};
				};
			};
			buildConfigurationList = DB1B74FD1C8BBE920022099C /* Build configuration list for PBXProject "Project 4 - Cyber Spider" */;
			compatibilityVersion = "Xcode 3.2";
			developmentRegion = English;
			hasScannedForEncodings = 0;
			knownRegions = (
				en,
			);
			mainGroup = DB1B74F91C8BBE920022099C;
			productRefGroup = DB1B75031C8BBE920022099C /* Products */;
			projectDirPath = "";
			projectRoot = "";
			targets = (
				DB1B75011C8BBE920022099C /* Project 4 - Cyber Spider */,
			);
		};
/* End PBXProject section */

/* Begin PBXSourcesBuildPhase section */
		DB1B74FE1C8BBE920022099C /* Sources */ = {
			isa = PBXSourcesBuildPhase;
			buildActionMask = 2147483647;
			files = (
				DB1B75061C8BBE920022099C /* main.cpp in Sources */,
				DBFC3EA61C91174A009206C9 /* IntelWeb.cpp in Sources */,
				DBFC3EA11C8BD4CA009206C9 /* DiskMultiMap.cpp in Sources */,
			);
			runOnlyForDeploymentPostprocessing = 0;
		};
/* End PBXSourcesBuildPhase section */

/* Begin XCBuildConfiguration section */
		DB1B75071C8BBE920022099C /* Debug */ = {
			isa = XCBuildConfiguration;
			buildSettings = {
				ALWAYS_SEARCH_USER_PATHS = NO;
				CLANG_CXX_LANGUAGE_STANDARD = "gnu++0x";
				CLANG_CXX_LIBRARY = "libc++";
				CLANG_ENABLE_MODULES = YES;
				CLANG_ENABLE_OBJC_ARC = YES;
				CLANG_WARN_BOOL_CONVERSION = YES;
				CLANG_WARN_CONSTANT_CONVERSION = YES;
				CLANG_WARN_DIRECT_OBJC_ISA_USAGE = YES_ERROR;
				CLANG_WARN_EMPTY_BODY = YES;
				CLANG_WARN_ENUM_CONVERSION = YES;
				CLANG_WARN_INT_CONVERSION = YES;
				CLANG_WARN_OBJC_ROOT_CLASS = YES_ERROR;
				CLANG_WARN_UNREACHABLE_CODE = YES;
				CLANG_WARN__DUPLICATE_METHOD_MATCH = YES;
				CODE_SIGN_IDENTITY = "-";
				COPY_PHASE_STRIP = NO;
				DEBUG_INFORMATION_FORMAT = dwarf;
				ENABLE_STRICT_OBJC_MSGSEND = YES;
				ENABLE_TESTABILITY = YES;
				GCC_C_LANGUAGE_STANDARD = gnu99;
				GCC_DYNAMIC_NO_PIC = NO;
				GCC_NO_COMMON_BLOCKS = YES;
				GCC_OPTIMIZATION_LEVEL = 0;
				GCC_PREPROCESSOR_DEFINITIONS = (
					"DEBUG=1",
					"$(inherited)",
				);
				GCC_WARN_64_TO_32_BIT_CONVERSION = YES;
				GCC_WARN_ABOUT_RETURN_TYPE = YES_ERROR;
				GCC_WARN_UNDECLARED_SELECTOR = YES;
				GCC_WARN_UNINITIALIZED_AUTOS = YES_AGGRESSIVE;
				GCC_WARN_UNUSED_FUNCTION = YES;
				GCC_WARN_UNUSED_VARIABLE = YES;
				MACOSX_DEPLOYMENT_TARGET = 10.11;
				MTL_ENABLE_DEBUG_INFO = YES;
				ONLY_ACTIVE_ARCH = YES;
				SDKROOT = macosx;
			};
			name = Debug;
		};
		DB1B75081C8BBE920022099C /* Release */ = {
			isa = XCBuildConfiguration;
			buildSettings = {
				ALWAYS_SEARCH_USER_PATHS = NO;
				CLANG_CXX_LANGUAGE_STANDARD = "gnu++0x";
				CLANG_CXX_LIBRARY = "libc++";
				CLANG_ENABLE_MODULES = YES;
				CLANG_ENABLE_OBJC_ARC = YES;
				CLANG_WARN_BOOL_CONVERSION = YES;
				CLANG_WARN_CONSTANT_CONVERSION = YES;
				CLANG_WARN_DIRECT_OBJC_ISA_USAGE = YES_ERROR;
				CLANG_WARN_EMPTY_BODY = YES;
				CLANG_WARN_ENUM_CONVERSION = YES;
				CLANG_WARN_INT_CONVERSION = YES;
				CLANG_WARN_OBJC_ROOT_CLASS = YES_ERROR;
				CLANG_WARN_UNREACHABLE_CODE = YES;
				CLANG_WARN__DUPLICATE_METHOD_MATCH = YES;
				CODE_SIGN_IDENTITY = "-";
				COPY_PHASE_STRIP = NO;
				DEBUG_INFORMATION_FORMAT = "dwarf-with-dsym";
				ENABLE_NS_ASSERTIONS = NO;
				ENABLE_STRICT_OBJC_MSGSEND = YES;
				GCC_C_LANGUAGE_STANDARD = gnu99;
				GCC_NO_COMMON_BLOCKS = YES;
				GCC_WARN_64_TO_32_BIT_CONVERSION = YES;
				GCC_WARN_ABOUT_RETURN_TYPE = YES_ERROR;
				GCC_WARN_UNDECLARED_SELECTOR = YES;
				GCC_WARN_UNINITIALIZED_AUTOS = YES_AGGRESSIVE;
				GCC_WARN_UNUSED_FUNCTION = YES;
				GCC_WARN_UNUSED_VARIABLE = YES;
				MACOSX_DEPLOYMENT_TARGET = 10.11;
				MTL_ENABLE_DEBUG_INFO = NO;
				SDKROOT = macosx;
			};
			name = Release;
		};
		DB1B750A1C8BBE920022099C /* Debug */ = {
			isa = XCBuildConfiguration;
			buildSettings = {
				PRODUCT_NAME = "$(TARGET_NAME)";
			};
			name = Debug;
		};
		DB1B750B1C8BBE920022099C /* Release */ = {
			isa = XCBuildConfiguration;
			buildSettings = {
				PRODUCT_NAME = "$(TARGET_NAME)";
			};
			name = Release;
		};
/* End XCBuildConfiguration section */

/* Begin XCConfigurationList section */
		DB1B74FD1C8BBE920022099C /* Build configuration list for PBXProject "Project 4 - Cyber Spider" */ = {
			isa = XCConfigurationList;
			buildConfigurations = (
				DB1B75071C8BBE920022099C /* Debug */,
				DB1B75081C8BBE920022099C /* Release */,
			);
			defaultConfigurationIsVisible = 0;
			defaultConfigurationName = Release;
		};
		DB1B75091C8BBE920022099C /* Build configuration list for PBXNativeTarget "Project 4 - Cyber Spider" */ = {
			isa = XCConfigurationList;
			buildConfigurations = (
				DB1B750A1C8BBE920022099C /* Debug */,
				DB1B750B1C8BBE920022099C /* Release */,
			);
			defaultConfigurationIsVisible = 0;
			defaultConfigurationName = Release;
		};
/* End XCConfigurationList section */
	};
	rootObject = DB1B74FA1C8BBE920022099C /* Project object */;
}
